{
  "name": "@scriptabuild/eventstore-tools",
  "version": "0.0.1",
  "lockfileVersion": 1,
  "requires": true,
  "dependencies": {
    "@scriptabuild/readonlyproxy": {
      "version": "1.0.0",
      "resolved": "https://registry.npmjs.org/@scriptabuild/readonlyproxy/-/readonlyproxy-1.0.0.tgz",
      "integrity": "sha512-2btIsPdX4CluOhn5BxR9ARGbr1mh/XKUy3RuRqFrYgSRDp/3VV6hd5SUkQKnRMW7NW7TJjknoG3YIpMDFXcesw=="
    }
  }
}
